
Microsoft Visual Studio Solution File, Format Version 12.00
# Visual Studio Version 17
VisualStudioVersion = 17.11.35222.181
MinimumVisualStudioVersion = 10.0.40219.1
Project("{FAE04EC0-301F-11D3-BF4B-00C04F79EFBC}") = "wpfblingblim", "wpfblingblim\wpfblingblim.csproj", "{594D520E-D3C4-4BAF-B0A6-DAD536E49BDB}"
EndProject
Global
	GlobalSection(SolutionConfigurationPlatforms) = preSolution
		Debug|Any CPU = Debug|Any CPU
		Release|Any CPU = Release|Any CPU
	EndGlobalSection
	GlobalSection(ProjectConfigurationPlatforms) = postSolution
		{594D520E-D3C4-4BAF-B0A6-DAD536E49BDB}.Debug|Any CPU.ActiveCfg = Debug|Any CPU
		{594D520E-D3C4-4BAF-B0A6-DAD536E49BDB}.Debug|Any CPU.Build.0 = Debug|Any CPU
		{594D520E-D3C4-4BAF-B0A6-DAD536E49BDB}.Release|Any CPU.ActiveCfg = Release|Any CPU
		{594D520E-D3C4-4BAF-B0A6-DAD536E49BDB}.Release|Any CPU.Build.0 = Release|Any CPU
	EndGlobalSection
	GlobalSection(SolutionProperties) = preSolution
		HideSolutionNode = FALSE
	EndGlobalSection
	GlobalSection(ExtensibilityGlobals) = postSolution
		SolutionGuid = {DDB53AAE-2880-44B1-9227-AD85D9552DBE}
	EndGlobalSection
EndGlobal
